
Microsoft Visual Studio Solution File, Format Version 12.00
# Visual Studio Version 17
VisualStudioVersion = 17.6.33829.357
MinimumVisualStudioVersion = 10.0.40219.1
Project("{FAE04EC0-301F-11D3-BF4B-00C04F79EFBC}") = "SiteMovies", "SiteMovies\SiteMovies.csproj", "{3117CC14-E5F1-46C8-9FAF-8B1B7BFF0D2C}"
EndProject
Global
	GlobalSection(SolutionConfigurationPlatforms) = preSolution
		Debug|Any CPU = Debug|Any CPU
		Release|Any CPU = Release|Any CPU
	EndGlobalSection
	GlobalSection(ProjectConfigurationPlatforms) = postSolution
		{3117CC14-E5F1-46C8-9FAF-8B1B7BFF0D2C}.Debug|Any CPU.ActiveCfg = Debug|Any CPU
		{3117CC14-E5F1-46C8-9FAF-8B1B7BFF0D2C}.Debug|Any CPU.Build.0 = Debug|Any CPU
		{3117CC14-E5F1-46C8-9FAF-8B1B7BFF0D2C}.Release|Any CPU.ActiveCfg = Release|Any CPU
		{3117CC14-E5F1-46C8-9FAF-8B1B7BFF0D2C}.Release|Any CPU.Build.0 = Release|Any CPU
	EndGlobalSection
	GlobalSection(SolutionProperties) = preSolution
		HideSolutionNode = FALSE
	EndGlobalSection
	GlobalSection(ExtensibilityGlobals) = postSolution
		SolutionGuid = {3591193C-022A-4F92-AB48-3234472D606A}
	EndGlobalSection
EndGlobal
